
Microsoft Visual Studio Solution File, Format Version 12.00
# Visual Studio 15
VisualStudioVersion = 15.0.27130.2027
MinimumVisualStudioVersion = 10.0.40219.1
Project("{FAE04EC0-301F-11D3-BF4B-00C04F79EFBC}") = "lab1D", "lab1D\lab1D.csproj", "{59850633-D5D2-4AAB-9CBC-FCDC7E8E0A93}"
EndProject
Project("{FAE04EC0-301F-11D3-BF4B-00C04F79EFBC}") = "lab1E", "lab1E\lab1E.csproj", "{1F867336-C3D6-416D-80EC-62574D3BDD55}"
EndProject
Global
	GlobalSection(SolutionConfigurationPlatforms) = preSolution
		Debug|Any CPU = Debug|Any CPU
		Release|Any CPU = Release|Any CPU
	EndGlobalSection
	GlobalSection(ProjectConfigurationPlatforms) = postSolution
		{59850633-D5D2-4AAB-9CBC-FCDC7E8E0A93}.Debug|Any CPU.ActiveCfg = Debug|Any CPU
		{59850633-D5D2-4AAB-9CBC-FCDC7E8E0A93}.Debug|Any CPU.Build.0 = Debug|Any CPU
		{59850633-D5D2-4AAB-9CBC-FCDC7E8E0A93}.Release|Any CPU.ActiveCfg = Release|Any CPU
		{59850633-D5D2-4AAB-9CBC-FCDC7E8E0A93}.Release|Any CPU.Build.0 = Release|Any CPU
		{1F867336-C3D6-416D-80EC-62574D3BDD55}.Debug|Any CPU.ActiveCfg = Debug|Any CPU
		{1F867336-C3D6-416D-80EC-62574D3BDD55}.Debug|Any CPU.Build.0 = Debug|Any CPU
		{1F867336-C3D6-416D-80EC-62574D3BDD55}.Release|Any CPU.ActiveCfg = Release|Any CPU
		{1F867336-C3D6-416D-80EC-62574D3BDD55}.Release|Any CPU.Build.0 = Release|Any CPU
	EndGlobalSection
	GlobalSection(SolutionProperties) = preSolution
		HideSolutionNode = FALSE
	EndGlobalSection
	GlobalSection(ExtensibilityGlobals) = postSolution
		SolutionGuid = {1498AB88-BCD0-4769-811D-59266F8EF24C}
	EndGlobalSection
EndGlobal
